
Microsoft Visual Studio Solution File, Format Version 12.00
# Visual Studio Version 17
VisualStudioVersion = 17.1.32228.430
MinimumVisualStudioVersion = 10.0.40219.1
Project("{FAE04EC0-301F-11D3-BF4B-00C04F79EFBC}") = "SAT.UI.MVC", "SAT.UI.MVC\SAT.UI.MVC.csproj", "{95B859AA-3DC5-4BA0-A5E9-E7EB5EACB9B9}"
EndProject
Project("{FAE04EC0-301F-11D3-BF4B-00C04F79EFBC}") = "SAT.DATA.EF", "SAT.DATA.EF\SAT.DATA.EF.csproj", "{A8D02272-B187-4736-B4D7-BF48AFA17179}"
EndProject
Global
	GlobalSection(SolutionConfigurationPlatforms) = preSolution
		Debug|Any CPU = Debug|Any CPU
		Release|Any CPU = Release|Any CPU
	EndGlobalSection
	GlobalSection(ProjectConfigurationPlatforms) = postSolution
		{95B859AA-3DC5-4BA0-A5E9-E7EB5EACB9B9}.Debug|Any CPU.ActiveCfg = Debug|Any CPU
		{95B859AA-3DC5-4BA0-A5E9-E7EB5EACB9B9}.Debug|Any CPU.Build.0 = Debug|Any CPU
		{95B859AA-3DC5-4BA0-A5E9-E7EB5EACB9B9}.Release|Any CPU.ActiveCfg = Release|Any CPU
		{95B859AA-3DC5-4BA0-A5E9-E7EB5EACB9B9}.Release|Any CPU.Build.0 = Release|Any CPU
		{A8D02272-B187-4736-B4D7-BF48AFA17179}.Debug|Any CPU.ActiveCfg = Debug|Any CPU
		{A8D02272-B187-4736-B4D7-BF48AFA17179}.Debug|Any CPU.Build.0 = Debug|Any CPU
		{A8D02272-B187-4736-B4D7-BF48AFA17179}.Release|Any CPU.ActiveCfg = Release|Any CPU
		{A8D02272-B187-4736-B4D7-BF48AFA17179}.Release|Any CPU.Build.0 = Release|Any CPU
	EndGlobalSection
	GlobalSection(SolutionProperties) = preSolution
		HideSolutionNode = FALSE
	EndGlobalSection
	GlobalSection(ExtensibilityGlobals) = postSolution
		SolutionGuid = {9716CAA5-9EC8-4045-8DBD-1B2E7C80335A}
	EndGlobalSection
EndGlobal
